
Microsoft Visual Studio Solution File, Format Version 12.00
# Visual Studio Version 17
VisualStudioVersion = 17.8.34330.188
MinimumVisualStudioVersion = 10.0.40219.1
Project("{FAE04EC0-301F-11D3-BF4B-00C04F79EFBC}") = "FormExample", "FormExample\FormExample.csproj", "{EE50FF61-8EA8-4C3A-8709-ADB57C5460BD}"
EndProject
Global
	GlobalSection(SolutionConfigurationPlatforms) = preSolution
		Debug|Any CPU = Debug|Any CPU
		Release|Any CPU = Release|Any CPU
	EndGlobalSection
	GlobalSection(ProjectConfigurationPlatforms) = postSolution
		{EE50FF61-8EA8-4C3A-8709-ADB57C5460BD}.Debug|Any CPU.ActiveCfg = Debug|Any CPU
		{EE50FF61-8EA8-4C3A-8709-ADB57C5460BD}.Debug|Any CPU.Build.0 = Debug|Any CPU
		{EE50FF61-8EA8-4C3A-8709-ADB57C5460BD}.Release|Any CPU.ActiveCfg = Release|Any CPU
		{EE50FF61-8EA8-4C3A-8709-ADB57C5460BD}.Release|Any CPU.Build.0 = Release|Any CPU
	EndGlobalSection
	GlobalSection(SolutionProperties) = preSolution
		HideSolutionNode = FALSE
	EndGlobalSection
	GlobalSection(ExtensibilityGlobals) = postSolution
		SolutionGuid = {487ED920-EA24-4C4D-89B4-988A22BB7170}
	EndGlobalSection
EndGlobal
